
Microsoft Visual Studio Solution File, Format Version 12.00
# Visual Studio Version 17
VisualStudioVersion = 17.8.34330.188
MinimumVisualStudioVersion = 10.0.40219.1
Project("{FAE04EC0-301F-11D3-BF4B-00C04F79EFBC}") = "OOP", "OOP\OOP.csproj", "{C0C756DA-AB34-4361-8DEA-91B0A9958817}"
EndProject
Global
	GlobalSection(SolutionConfigurationPlatforms) = preSolution
		Debug|Any CPU = Debug|Any CPU
		Release|Any CPU = Release|Any CPU
	EndGlobalSection
	GlobalSection(ProjectConfigurationPlatforms) = postSolution
		{C0C756DA-AB34-4361-8DEA-91B0A9958817}.Debug|Any CPU.ActiveCfg = Debug|Any CPU
		{C0C756DA-AB34-4361-8DEA-91B0A9958817}.Debug|Any CPU.Build.0 = Debug|Any CPU
		{C0C756DA-AB34-4361-8DEA-91B0A9958817}.Release|Any CPU.ActiveCfg = Release|Any CPU
		{C0C756DA-AB34-4361-8DEA-91B0A9958817}.Release|Any CPU.Build.0 = Release|Any CPU
	EndGlobalSection
	GlobalSection(SolutionProperties) = preSolution
		HideSolutionNode = FALSE
	EndGlobalSection
	GlobalSection(ExtensibilityGlobals) = postSolution
		SolutionGuid = {E7A8110D-1534-4435-829B-FC5983081A68}
	EndGlobalSection
EndGlobal
